{
  "version": 4,
  "terraform_version": "1.7.1",
  "serial": 11,
  "lineage": "e1c6675b-3100-b0fa-3d2d-b070d32fce9e",
  "outputs": {
    "gcp_id": {
      "value": "projects/gcp-examples-local-test/locations/us-central1/services/fastapi-service",
      "type": "string"
    },
    "service_url": {
      "value": "https://fastapi-service-4qljeib4xa-uc.a.run.app",
      "type": "string"
    }
  },
  "resources": [
    {
      "mode": "managed",
      "type": "google_cloud_run_v2_service",
      "name": "service",
      "provider": "provider[\"registry.opentofu.org/hashicorp/google\"]",
      "instances": [
        {
          "schema_version": 0,
          "attributes": {
            "annotations": {},
            "binary_authorization": [],
            "client": "",
            "client_version": "",
            "conditions": [
              {
                "execution_reason": "",
                "last_transition_time": "2024-05-23T22:57:45.971931Z",
                "message": "",
                "reason": "",
                "revision_reason": "",
                "severity": "",
                "state": "CONDITION_SUCCEEDED",
                "type": "RoutesReady"
              },
              {
                "execution_reason": "",
                "last_transition_time": "2024-05-23T01:53:37.861024Z",
                "message": "",
                "reason": "",
                "revision_reason": "",
                "severity": "",
                "state": "CONDITION_SUCCEEDED",
                "type": "ConfigurationsReady"
              }
            ],
            "create_time": "2024-05-23T01:53:37.768937Z",
            "creator": "josh@launchflow.com",
            "custom_audiences": [],
            "delete_time": "",
            "description": "",
            "effective_annotations": {},
            "effective_labels": {},
            "etag": "\"CNSTv7IGEIiOlIcB/cHJvamVjdHMvZ2NwLWV4YW1wbGVzLWxvY2FsLXRlc3QvbG9jYXRpb25zL3VzLWNlbnRyYWwxL3NlcnZpY2VzL2Zhc3RhcGktc2VydmljZQ\"",
            "expire_time": "",
            "generation": "7",
            "id": "projects/gcp-examples-local-test/locations/us-central1/services/fastapi-service",
            "ingress": "INGRESS_TRAFFIC_ALL",
            "labels": {},
            "last_modifier": "josh@launchflow.com",
            "latest_created_revision": "projects/gcp-examples-local-test/locations/us-central1/services/fastapi-service/revisions/fastapi-service-00007-nq5",
            "latest_ready_revision": "projects/gcp-examples-local-test/locations/us-central1/services/fastapi-service/revisions/fastapi-service-00007-nq5",
            "launch_stage": "GA",
            "location": "us-central1",
            "name": "fastapi-service",
            "observed_generation": "7",
            "project": "gcp-examples-local-test",
            "reconciling": false,
            "template": [
              {
                "annotations": {},
                "containers": [
                  {
                    "args": [],
                    "command": [],
                    "depends_on": [],
                    "env": [
                      {
                        "name": "LAUNCHFLOW_CONNECTION_BUCKET",
                        "value": "gs://gcp-examples-local-test-artifacts",
                        "value_source": []
                      },
                      {
                        "name": "LAUNCHFLOW_PROJECT",
                        "value": "gcp-examples",
                        "value_source": []
                      },
                      {
                        "name": "LAUNCHFLOW_ENVIRONMENT",
                        "value": "local-test",
                        "value_source": []
                      },
                      {
                        "name": "LAUNCHFLOW_DEPLOYMENT_ID",
                        "value": "1716429087",
                        "value_source": []
                      },
                      {
                        "name": "LAUNCHFLOW_CLOUD_PROVIDER",
                        "value": "gcp",
                        "value_source": []
                      }
                    ],
                    "image": "us-central1-docker.pkg.dev/gcp-examples-local-test/fastapi-service/fastapi-service:1716504867",
                    "liveness_probe": [],
                    "name": "",
                    "ports": [
                      {
                        "container_port": 8080,
                        "name": "http1"
                      }
                    ],
                    "resources": [
                      {
                        "cpu_idle": true,
                        "limits": {
                          "cpu": "1000m",
                          "memory": "512Mi"
                        },
                        "startup_cpu_boost": false
                      }
                    ],
                    "startup_probe": [
                      {
                        "failure_threshold": 1,
                        "grpc": [],
                        "http_get": [],
                        "initial_delay_seconds": 0,
                        "period_seconds": 240,
                        "tcp_socket": [
                          {
                            "port": 8080
                          }
                        ],
                        "timeout_seconds": 240
                      }
                    ],
                    "volume_mounts": [],
                    "working_dir": ""
                  }
                ],
                "encryption_key": "",
                "execution_environment": "",
                "labels": {},
                "max_instance_request_concurrency": 80,
                "revision": "",
                "scaling": [
                  {
                    "max_instance_count": 100,
                    "min_instance_count": 0
                  }
                ],
                "service_account": "launchflow@gcp-examples-local-test.iam.gserviceaccount.com",
                "session_affinity": false,
                "timeout": "300s",
                "volumes": [],
                "vpc_access": [
                  {
                    "connector": "",
                    "egress": "PRIVATE_RANGES_ONLY",
                    "network_interfaces": [
                      {
                        "network": "projects/gcp-examples-local-test/global/networks/default",
                        "subnetwork": "",
                        "tags": []
                      }
                    ]
                  }
                ]
              }
            ],
            "terminal_condition": [
              {
                "execution_reason": "",
                "last_transition_time": "2024-05-23T22:57:46.003222Z",
                "message": "",
                "reason": "",
                "revision_reason": "",
                "severity": "",
                "state": "CONDITION_SUCCEEDED",
                "type": "Ready"
              }
            ],
            "terraform_labels": {},
            "timeouts": null,
            "traffic": [
              {
                "percent": 100,
                "revision": "",
                "tag": "",
                "type": "TRAFFIC_TARGET_ALLOCATION_TYPE_LATEST"
              }
            ],
            "traffic_statuses": [
              {
                "percent": 100,
                "revision": "",
                "tag": "",
                "type": "TRAFFIC_TARGET_ALLOCATION_TYPE_LATEST",
                "uri": ""
              }
            ],
            "uid": "67ff762e-6aef-4218-b77e-b148a10c8d40",
            "update_time": "2024-05-23T22:57:24.283445Z",
            "uri": "https://fastapi-service-4qljeib4xa-uc.a.run.app"
          },
          "sensitive_attributes": [],
          "private": "eyJlMmJmYjczMC1lY2FhLTExZTYtOGY4OC0zNDM2M2JjN2M0YzAiOnsiY3JlYXRlIjoxMjAwMDAwMDAwMDAwLCJkZWxldGUiOjEyMDAwMDAwMDAwMDAsInVwZGF0ZSI6MTIwMDAwMDAwMDAwMH19"
        }
      ]
    },
    {
      "mode": "managed",
      "type": "google_cloud_run_v2_service_iam_member",
      "name": "noauth",
      "provider": "provider[\"registry.opentofu.org/hashicorp/google\"]",
      "instances": [
        {
          "index_key": 0,
          "schema_version": 0,
          "attributes": {
            "condition": [],
            "etag": "BwYZFVRYc9U=",
            "id": "projects/gcp-examples-local-test/locations/us-central1/services/fastapi-service/roles/run.invoker/allUsers",
            "location": "us-central1",
            "member": "allUsers",
            "name": "projects/gcp-examples-local-test/locations/us-central1/services/fastapi-service",
            "project": "gcp-examples-local-test",
            "role": "roles/run.invoker"
          },
          "sensitive_attributes": [],
          "private": "bnVsbA==",
          "dependencies": [
            "google_cloud_run_v2_service.service"
          ]
        }
      ]
    }
  ],
  "check_results": null
}
