{
  "version": 4,
  "terraform_version": "1.6.0",
  "serial": 105,
  "lineage": "6b9cf54e-a9cc-cadb-bd85-c3eaee46ab19",
  "outputs": {},
  "resources": [
    {
      "mode": "data",
      "type": "google_compute_network",
      "name": "default_private_network",
      "provider": "provider[\"registry.opentofu.org/hashicorp/google\"]",
      "instances": [
        {
          "schema_version": 0,
          "attributes": {
            "description": "Default network for the project",
            "gateway_ipv4": "",
            "id": "projects/oss-testing-dev-5796/global/networks/default",
            "internal_ipv6_range": "",
            "name": "default",
            "project": null,
            "self_link": "https://www.googleapis.com/compute/v1/projects/oss-testing-dev-5796/global/networks/default",
            "subnetworks_self_links": [
              "https://www.googleapis.com/compute/v1/projects/oss-testing-dev-5796/regions/asia-southeast1/subnetworks/default",
              "https://www.googleapis.com/compute/v1/projects/oss-testing-dev-5796/regions/europe-west6/subnetworks/default",
              "https://www.googleapis.com/compute/v1/projects/oss-testing-dev-5796/regions/us-south1/subnetworks/default",
              "https://www.googleapis.com/compute/v1/projects/oss-testing-dev-5796/regions/us-west1/subnetworks/default",
              "https://www.googleapis.com/compute/v1/projects/oss-testing-dev-5796/regions/northamerica-northeast2/subnetworks/default",
              "https://www.googleapis.com/compute/v1/projects/oss-testing-dev-5796/regions/us-east1/subnetworks/default",
              "https://www.googleapis.com/compute/v1/projects/oss-testing-dev-5796/regions/asia-northeast3/subnetworks/default",
              "https://www.googleapis.com/compute/v1/projects/oss-testing-dev-5796/regions/northamerica-northeast1/subnetworks/default",
              "https://www.googleapis.com/compute/v1/projects/oss-testing-dev-5796/regions/europe-west4/subnetworks/default",
              "https://www.googleapis.com/compute/v1/projects/oss-testing-dev-5796/regions/europe-southwest1/subnetworks/default",
              "https://www.googleapis.com/compute/v1/projects/oss-testing-dev-5796/regions/asia-south2/subnetworks/default",
              "https://www.googleapis.com/compute/v1/projects/oss-testing-dev-5796/regions/us-east4/subnetworks/default",
              "https://www.googleapis.com/compute/v1/projects/oss-testing-dev-5796/regions/asia-northeast2/subnetworks/default",
              "https://www.googleapis.com/compute/v1/projects/oss-testing-dev-5796/regions/us-central1/subnetworks/default",
              "https://www.googleapis.com/compute/v1/projects/oss-testing-dev-5796/regions/us-west3/subnetworks/default",
              "https://www.googleapis.com/compute/v1/projects/oss-testing-dev-5796/regions/me-central1/subnetworks/default",
              "https://www.googleapis.com/compute/v1/projects/oss-testing-dev-5796/regions/asia-south1/subnetworks/default",
              "https://www.googleapis.com/compute/v1/projects/oss-testing-dev-5796/regions/europe-west9/subnetworks/default",
              "https://www.googleapis.com/compute/v1/projects/oss-testing-dev-5796/regions/asia-east1/subnetworks/default",
              "https://www.googleapis.com/compute/v1/projects/oss-testing-dev-5796/regions/europe-west8/subnetworks/default",
              "https://www.googleapis.com/compute/v1/projects/oss-testing-dev-5796/regions/australia-southeast1/subnetworks/default",
              "https://www.googleapis.com/compute/v1/projects/oss-testing-dev-5796/regions/us-west4/subnetworks/default",
              "https://www.googleapis.com/compute/v1/projects/oss-testing-dev-5796/regions/southamerica-east1/subnetworks/default",
              "https://www.googleapis.com/compute/v1/projects/oss-testing-dev-5796/regions/europe-west10/subnetworks/default",
              "https://www.googleapis.com/compute/v1/projects/oss-testing-dev-5796/regions/asia-southeast2/subnetworks/default",
              "https://www.googleapis.com/compute/v1/projects/oss-testing-dev-5796/regions/me-central2/subnetworks/default",
              "https://www.googleapis.com/compute/v1/projects/oss-testing-dev-5796/regions/southamerica-west1/subnetworks/default",
              "https://www.googleapis.com/compute/v1/projects/oss-testing-dev-5796/regions/australia-southeast2/subnetworks/default",
              "https://www.googleapis.com/compute/v1/projects/oss-testing-dev-5796/regions/us-east5/subnetworks/default",
              "https://www.googleapis.com/compute/v1/projects/oss-testing-dev-5796/regions/asia-northeast1/subnetworks/default",
              "https://www.googleapis.com/compute/v1/projects/oss-testing-dev-5796/regions/me-west1/subnetworks/default",
              "https://www.googleapis.com/compute/v1/projects/oss-testing-dev-5796/regions/europe-west2/subnetworks/default",
              "https://www.googleapis.com/compute/v1/projects/oss-testing-dev-5796/regions/europe-west12/subnetworks/default",
              "https://www.googleapis.com/compute/v1/projects/oss-testing-dev-5796/regions/europe-west1/subnetworks/default",
              "https://www.googleapis.com/compute/v1/projects/oss-testing-dev-5796/regions/europe-west3/subnetworks/default",
              "https://www.googleapis.com/compute/v1/projects/oss-testing-dev-5796/regions/asia-east2/subnetworks/default",
              "https://www.googleapis.com/compute/v1/projects/oss-testing-dev-5796/regions/europe-central2/subnetworks/default",
              "https://www.googleapis.com/compute/v1/projects/oss-testing-dev-5796/regions/europe-north1/subnetworks/default",
              "https://www.googleapis.com/compute/v1/projects/oss-testing-dev-5796/regions/africa-south1/subnetworks/default",
              "https://www.googleapis.com/compute/v1/projects/oss-testing-dev-5796/regions/us-west2/subnetworks/default"
            ]
          },
          "sensitive_attributes": []
        }
      ]
    },
    {
      "mode": "managed",
      "type": "google_compute_global_address",
      "name": "private_ip_address",
      "provider": "provider[\"registry.opentofu.org/hashicorp/google-beta\"]",
      "instances": [
        {
          "index_key": 0,
          "schema_version": 0,
          "attributes": {
            "address": "10.84.0.0",
            "address_type": "INTERNAL",
            "creation_timestamp": "2024-05-15T14:03:12.549-07:00",
            "description": "",
            "effective_labels": {},
            "id": "projects/oss-testing-dev-5796/global/addresses/google-networkd-connection-ips",
            "ip_version": "",
            "label_fingerprint": "42WmSpB8rSM=",
            "labels": null,
            "name": "google-networkd-connection-ips",
            "network": "https://www.googleapis.com/compute/v1/projects/oss-testing-dev-5796/global/networks/default",
            "prefix_length": 16,
            "project": "oss-testing-dev-5796",
            "purpose": "VPC_PEERING",
            "self_link": "https://www.googleapis.com/compute/v1/projects/oss-testing-dev-5796/global/addresses/google-networkd-connection-ips",
            "terraform_labels": {},
            "timeouts": null
          },
          "sensitive_attributes": [],
          "private": "eyJlMmJmYjczMC1lY2FhLTExZTYtOGY4OC0zNDM2M2JjN2M0YzAiOnsiY3JlYXRlIjoxMjAwMDAwMDAwMDAwLCJkZWxldGUiOjEyMDAwMDAwMDAwMDAsInVwZGF0ZSI6MTIwMDAwMDAwMDAwMH19",
          "dependencies": [
            "data.google_compute_network.default_private_network",
            "google_project_service.environment_services"
          ]
        }
      ]
    },
    {
      "mode": "managed",
      "type": "google_project_iam_member",
      "name": "service_account_roles",
      "provider": "provider[\"registry.opentofu.org/hashicorp/google\"]",
      "instances": [
        {
          "index_key": "roles/artifactregistry.admin",
          "schema_version": 0,
          "attributes": {
            "condition": [],
            "etag": "BwYYhGQ+fFY=",
            "id": "oss-testing-dev-5796/roles/artifactregistry.admin/serviceAccount:launchflow@oss-testing-dev-5796.iam.gserviceaccount.com",
            "member": "serviceAccount:launchflow@oss-testing-dev-5796.iam.gserviceaccount.com",
            "project": "oss-testing-dev-5796",
            "role": "roles/artifactregistry.admin"
          },
          "sensitive_attributes": [],
          "private": "bnVsbA=="
        },
        {
          "index_key": "roles/bigquery.admin",
          "schema_version": 0,
          "attributes": {
            "condition": [],
            "etag": "BwYYhGQ+fFY=",
            "id": "oss-testing-dev-5796/roles/bigquery.admin/serviceAccount:launchflow@oss-testing-dev-5796.iam.gserviceaccount.com",
            "member": "serviceAccount:launchflow@oss-testing-dev-5796.iam.gserviceaccount.com",
            "project": "oss-testing-dev-5796",
            "role": "roles/bigquery.admin"
          },
          "sensitive_attributes": [],
          "private": "bnVsbA=="
        },
        {
          "index_key": "roles/cloudbuild.builds.editor",
          "schema_version": 0,
          "attributes": {
            "condition": [],
            "etag": "BwYYhGQ+fFY=",
            "id": "oss-testing-dev-5796/roles/cloudbuild.builds.editor/serviceAccount:launchflow@oss-testing-dev-5796.iam.gserviceaccount.com",
            "member": "serviceAccount:launchflow@oss-testing-dev-5796.iam.gserviceaccount.com",
            "project": "oss-testing-dev-5796",
            "role": "roles/cloudbuild.builds.editor"
          },
          "sensitive_attributes": [],
          "private": "bnVsbA=="
        },
        {
          "index_key": "roles/cloudsql.admin",
          "schema_version": 0,
          "attributes": {
            "condition": [],
            "etag": "BwYYhGQ+fFY=",
            "id": "oss-testing-dev-5796/roles/cloudsql.admin/serviceAccount:launchflow@oss-testing-dev-5796.iam.gserviceaccount.com",
            "member": "serviceAccount:launchflow@oss-testing-dev-5796.iam.gserviceaccount.com",
            "project": "oss-testing-dev-5796",
            "role": "roles/cloudsql.admin"
          },
          "sensitive_attributes": [],
          "private": "bnVsbA=="
        },
        {
          "index_key": "roles/cloudsql.client",
          "schema_version": 0,
          "attributes": {
            "condition": [],
            "etag": "BwYYhGQ+fFY=",
            "id": "oss-testing-dev-5796/roles/cloudsql.client/serviceAccount:launchflow@oss-testing-dev-5796.iam.gserviceaccount.com",
            "member": "serviceAccount:launchflow@oss-testing-dev-5796.iam.gserviceaccount.com",
            "project": "oss-testing-dev-5796",
            "role": "roles/cloudsql.client"
          },
          "sensitive_attributes": [],
          "private": "bnVsbA=="
        },
        {
          "index_key": "roles/cloudtasks.admin",
          "schema_version": 0,
          "attributes": {
            "condition": [],
            "etag": "BwYYhGQ+fFY=",
            "id": "oss-testing-dev-5796/roles/cloudtasks.admin/serviceAccount:launchflow@oss-testing-dev-5796.iam.gserviceaccount.com",
            "member": "serviceAccount:launchflow@oss-testing-dev-5796.iam.gserviceaccount.com",
            "project": "oss-testing-dev-5796",
            "role": "roles/cloudtasks.admin"
          },
          "sensitive_attributes": [],
          "private": "bnVsbA=="
        },
        {
          "index_key": "roles/compute.admin",
          "schema_version": 0,
          "attributes": {
            "condition": [],
            "etag": "BwYYhGQ+fFY=",
            "id": "oss-testing-dev-5796/roles/compute.admin/serviceAccount:launchflow@oss-testing-dev-5796.iam.gserviceaccount.com",
            "member": "serviceAccount:launchflow@oss-testing-dev-5796.iam.gserviceaccount.com",
            "project": "oss-testing-dev-5796",
            "role": "roles/compute.admin"
          },
          "sensitive_attributes": [],
          "private": "bnVsbA=="
        },
        {
          "index_key": "roles/compute.networkAdmin",
          "schema_version": 0,
          "attributes": {
            "condition": [],
            "etag": "BwYYhGQ+fFY=",
            "id": "oss-testing-dev-5796/roles/compute.networkAdmin/serviceAccount:launchflow@oss-testing-dev-5796.iam.gserviceaccount.com",
            "member": "serviceAccount:launchflow@oss-testing-dev-5796.iam.gserviceaccount.com",
            "project": "oss-testing-dev-5796",
            "role": "roles/compute.networkAdmin"
          },
          "sensitive_attributes": [],
          "private": "bnVsbA=="
        },
        {
          "index_key": "roles/iam.serviceAccountUser",
          "schema_version": 0,
          "attributes": {
            "condition": [],
            "etag": "BwYYhGQ+fFY=",
            "id": "oss-testing-dev-5796/roles/iam.serviceAccountUser/serviceAccount:launchflow@oss-testing-dev-5796.iam.gserviceaccount.com",
            "member": "serviceAccount:launchflow@oss-testing-dev-5796.iam.gserviceaccount.com",
            "project": "oss-testing-dev-5796",
            "role": "roles/iam.serviceAccountUser"
          },
          "sensitive_attributes": [],
          "private": "bnVsbA=="
        },
        {
          "index_key": "roles/logging.logWriter",
          "schema_version": 0,
          "attributes": {
            "condition": [],
            "etag": "BwYYhGQ+fFY=",
            "id": "oss-testing-dev-5796/roles/logging.logWriter/serviceAccount:launchflow@oss-testing-dev-5796.iam.gserviceaccount.com",
            "member": "serviceAccount:launchflow@oss-testing-dev-5796.iam.gserviceaccount.com",
            "project": "oss-testing-dev-5796",
            "role": "roles/logging.logWriter"
          },
          "sensitive_attributes": [],
          "private": "bnVsbA=="
        },
        {
          "index_key": "roles/pubsub.admin",
          "schema_version": 0,
          "attributes": {
            "condition": [],
            "etag": "BwYYhGQ+fFY=",
            "id": "oss-testing-dev-5796/roles/pubsub.admin/serviceAccount:launchflow@oss-testing-dev-5796.iam.gserviceaccount.com",
            "member": "serviceAccount:launchflow@oss-testing-dev-5796.iam.gserviceaccount.com",
            "project": "oss-testing-dev-5796",
            "role": "roles/pubsub.admin"
          },
          "sensitive_attributes": [],
          "private": "bnVsbA=="
        },
        {
          "index_key": "roles/redis.admin",
          "schema_version": 0,
          "attributes": {
            "condition": [],
            "etag": "BwYYhGQ+fFY=",
            "id": "oss-testing-dev-5796/roles/redis.admin/serviceAccount:launchflow@oss-testing-dev-5796.iam.gserviceaccount.com",
            "member": "serviceAccount:launchflow@oss-testing-dev-5796.iam.gserviceaccount.com",
            "project": "oss-testing-dev-5796",
            "role": "roles/redis.admin"
          },
          "sensitive_attributes": [],
          "private": "bnVsbA=="
        },
        {
          "index_key": "roles/run.admin",
          "schema_version": 0,
          "attributes": {
            "condition": [],
            "etag": "BwYYhGQ+fFY=",
            "id": "oss-testing-dev-5796/roles/run.admin/serviceAccount:launchflow@oss-testing-dev-5796.iam.gserviceaccount.com",
            "member": "serviceAccount:launchflow@oss-testing-dev-5796.iam.gserviceaccount.com",
            "project": "oss-testing-dev-5796",
            "role": "roles/run.admin"
          },
          "sensitive_attributes": [],
          "private": "bnVsbA=="
        },
        {
          "index_key": "roles/secretmanager.admin",
          "schema_version": 0,
          "attributes": {
            "condition": [],
            "etag": "BwYYhGQ+fFY=",
            "id": "oss-testing-dev-5796/roles/secretmanager.admin/serviceAccount:launchflow@oss-testing-dev-5796.iam.gserviceaccount.com",
            "member": "serviceAccount:launchflow@oss-testing-dev-5796.iam.gserviceaccount.com",
            "project": "oss-testing-dev-5796",
            "role": "roles/secretmanager.admin"
          },
          "sensitive_attributes": [],
          "private": "bnVsbA=="
        },
        {
          "index_key": "roles/serviceusage.serviceUsageAdmin",
          "schema_version": 0,
          "attributes": {
            "condition": [],
            "etag": "BwYYhGQ+fFY=",
            "id": "oss-testing-dev-5796/roles/serviceusage.serviceUsageAdmin/serviceAccount:launchflow@oss-testing-dev-5796.iam.gserviceaccount.com",
            "member": "serviceAccount:launchflow@oss-testing-dev-5796.iam.gserviceaccount.com",
            "project": "oss-testing-dev-5796",
            "role": "roles/serviceusage.serviceUsageAdmin"
          },
          "sensitive_attributes": [],
          "private": "bnVsbA=="
        },
        {
          "index_key": "roles/storage.admin",
          "schema_version": 0,
          "attributes": {
            "condition": [],
            "etag": "BwYYhGQ+fFY=",
            "id": "oss-testing-dev-5796/roles/storage.admin/serviceAccount:launchflow@oss-testing-dev-5796.iam.gserviceaccount.com",
            "member": "serviceAccount:launchflow@oss-testing-dev-5796.iam.gserviceaccount.com",
            "project": "oss-testing-dev-5796",
            "role": "roles/storage.admin"
          },
          "sensitive_attributes": [],
          "private": "bnVsbA=="
        }
      ]
    },
    {
      "mode": "managed",
      "type": "google_project_service",
      "name": "environment_services",
      "provider": "provider[\"registry.opentofu.org/hashicorp/google\"]",
      "instances": [
        {
          "index_key": "artifactregistry.googleapis.com",
          "schema_version": 0,
          "attributes": {
            "disable_dependent_services": null,
            "disable_on_destroy": false,
            "id": "oss-testing-dev-5796/artifactregistry.googleapis.com",
            "project": "oss-testing-dev-5796",
            "service": "artifactregistry.googleapis.com",
            "timeouts": null
          },
          "sensitive_attributes": [],
          "private": "eyJlMmJmYjczMC1lY2FhLTExZTYtOGY4OC0zNDM2M2JjN2M0YzAiOnsiY3JlYXRlIjoxMjAwMDAwMDAwMDAwLCJkZWxldGUiOjEyMDAwMDAwMDAwMDAsInJlYWQiOjYwMDAwMDAwMDAwMCwidXBkYXRlIjoxMjAwMDAwMDAwMDAwfX0="
        },
        {
          "index_key": "bigquery.googleapis.com",
          "schema_version": 0,
          "attributes": {
            "disable_dependent_services": null,
            "disable_on_destroy": false,
            "id": "oss-testing-dev-5796/bigquery.googleapis.com",
            "project": "oss-testing-dev-5796",
            "service": "bigquery.googleapis.com",
            "timeouts": null
          },
          "sensitive_attributes": [],
          "private": "eyJlMmJmYjczMC1lY2FhLTExZTYtOGY4OC0zNDM2M2JjN2M0YzAiOnsiY3JlYXRlIjoxMjAwMDAwMDAwMDAwLCJkZWxldGUiOjEyMDAwMDAwMDAwMDAsInJlYWQiOjYwMDAwMDAwMDAwMCwidXBkYXRlIjoxMjAwMDAwMDAwMDAwfX0="
        },
        {
          "index_key": "cloudbuild.googleapis.com",
          "schema_version": 0,
          "attributes": {
            "disable_dependent_services": null,
            "disable_on_destroy": false,
            "id": "oss-testing-dev-5796/cloudbuild.googleapis.com",
            "project": "oss-testing-dev-5796",
            "service": "cloudbuild.googleapis.com",
            "timeouts": null
          },
          "sensitive_attributes": [],
          "private": "eyJlMmJmYjczMC1lY2FhLTExZTYtOGY4OC0zNDM2M2JjN2M0YzAiOnsiY3JlYXRlIjoxMjAwMDAwMDAwMDAwLCJkZWxldGUiOjEyMDAwMDAwMDAwMDAsInJlYWQiOjYwMDAwMDAwMDAwMCwidXBkYXRlIjoxMjAwMDAwMDAwMDAwfX0="
        },
        {
          "index_key": "cloudresourcemanager.googleapis.com",
          "schema_version": 0,
          "attributes": {
            "disable_dependent_services": null,
            "disable_on_destroy": false,
            "id": "oss-testing-dev-5796/cloudresourcemanager.googleapis.com",
            "project": "oss-testing-dev-5796",
            "service": "cloudresourcemanager.googleapis.com",
            "timeouts": null
          },
          "sensitive_attributes": [],
          "private": "eyJlMmJmYjczMC1lY2FhLTExZTYtOGY4OC0zNDM2M2JjN2M0YzAiOnsiY3JlYXRlIjoxMjAwMDAwMDAwMDAwLCJkZWxldGUiOjEyMDAwMDAwMDAwMDAsInJlYWQiOjYwMDAwMDAwMDAwMCwidXBkYXRlIjoxMjAwMDAwMDAwMDAwfX0="
        },
        {
          "index_key": "compute.googleapis.com",
          "schema_version": 0,
          "attributes": {
            "disable_dependent_services": null,
            "disable_on_destroy": false,
            "id": "oss-testing-dev-5796/compute.googleapis.com",
            "project": "oss-testing-dev-5796",
            "service": "compute.googleapis.com",
            "timeouts": null
          },
          "sensitive_attributes": [],
          "private": "eyJlMmJmYjczMC1lY2FhLTExZTYtOGY4OC0zNDM2M2JjN2M0YzAiOnsiY3JlYXRlIjoxMjAwMDAwMDAwMDAwLCJkZWxldGUiOjEyMDAwMDAwMDAwMDAsInJlYWQiOjYwMDAwMDAwMDAwMCwidXBkYXRlIjoxMjAwMDAwMDAwMDAwfX0="
        },
        {
          "index_key": "iam.googleapis.com",
          "schema_version": 0,
          "attributes": {
            "disable_dependent_services": null,
            "disable_on_destroy": false,
            "id": "oss-testing-dev-5796/iam.googleapis.com",
            "project": "oss-testing-dev-5796",
            "service": "iam.googleapis.com",
            "timeouts": null
          },
          "sensitive_attributes": [],
          "private": "eyJlMmJmYjczMC1lY2FhLTExZTYtOGY4OC0zNDM2M2JjN2M0YzAiOnsiY3JlYXRlIjoxMjAwMDAwMDAwMDAwLCJkZWxldGUiOjEyMDAwMDAwMDAwMDAsInJlYWQiOjYwMDAwMDAwMDAwMCwidXBkYXRlIjoxMjAwMDAwMDAwMDAwfX0="
        },
        {
          "index_key": "pubsub.googleapis.com",
          "schema_version": 0,
          "attributes": {
            "disable_dependent_services": null,
            "disable_on_destroy": false,
            "id": "oss-testing-dev-5796/pubsub.googleapis.com",
            "project": "oss-testing-dev-5796",
            "service": "pubsub.googleapis.com",
            "timeouts": null
          },
          "sensitive_attributes": [],
          "private": "eyJlMmJmYjczMC1lY2FhLTExZTYtOGY4OC0zNDM2M2JjN2M0YzAiOnsiY3JlYXRlIjoxMjAwMDAwMDAwMDAwLCJkZWxldGUiOjEyMDAwMDAwMDAwMDAsInJlYWQiOjYwMDAwMDAwMDAwMCwidXBkYXRlIjoxMjAwMDAwMDAwMDAwfX0="
        },
        {
          "index_key": "run.googleapis.com",
          "schema_version": 0,
          "attributes": {
            "disable_dependent_services": null,
            "disable_on_destroy": false,
            "id": "oss-testing-dev-5796/run.googleapis.com",
            "project": "oss-testing-dev-5796",
            "service": "run.googleapis.com",
            "timeouts": null
          },
          "sensitive_attributes": [],
          "private": "eyJlMmJmYjczMC1lY2FhLTExZTYtOGY4OC0zNDM2M2JjN2M0YzAiOnsiY3JlYXRlIjoxMjAwMDAwMDAwMDAwLCJkZWxldGUiOjEyMDAwMDAwMDAwMDAsInJlYWQiOjYwMDAwMDAwMDAwMCwidXBkYXRlIjoxMjAwMDAwMDAwMDAwfX0="
        },
        {
          "index_key": "secretmanager.googleapis.com",
          "schema_version": 0,
          "attributes": {
            "disable_dependent_services": null,
            "disable_on_destroy": false,
            "id": "oss-testing-dev-5796/secretmanager.googleapis.com",
            "project": "oss-testing-dev-5796",
            "service": "secretmanager.googleapis.com",
            "timeouts": null
          },
          "sensitive_attributes": [],
          "private": "eyJlMmJmYjczMC1lY2FhLTExZTYtOGY4OC0zNDM2M2JjN2M0YzAiOnsiY3JlYXRlIjoxMjAwMDAwMDAwMDAwLCJkZWxldGUiOjEyMDAwMDAwMDAwMDAsInJlYWQiOjYwMDAwMDAwMDAwMCwidXBkYXRlIjoxMjAwMDAwMDAwMDAwfX0="
        },
        {
          "index_key": "servicenetworking.googleapis.com",
          "schema_version": 0,
          "attributes": {
            "disable_dependent_services": null,
            "disable_on_destroy": false,
            "id": "oss-testing-dev-5796/servicenetworking.googleapis.com",
            "project": "oss-testing-dev-5796",
            "service": "servicenetworking.googleapis.com",
            "timeouts": null
          },
          "sensitive_attributes": [],
          "private": "eyJlMmJmYjczMC1lY2FhLTExZTYtOGY4OC0zNDM2M2JjN2M0YzAiOnsiY3JlYXRlIjoxMjAwMDAwMDAwMDAwLCJkZWxldGUiOjEyMDAwMDAwMDAwMDAsInJlYWQiOjYwMDAwMDAwMDAwMCwidXBkYXRlIjoxMjAwMDAwMDAwMDAwfX0="
        },
        {
          "index_key": "serviceusage.googleapis.com",
          "schema_version": 0,
          "attributes": {
            "disable_dependent_services": null,
            "disable_on_destroy": false,
            "id": "oss-testing-dev-5796/serviceusage.googleapis.com",
            "project": "oss-testing-dev-5796",
            "service": "serviceusage.googleapis.com",
            "timeouts": null
          },
          "sensitive_attributes": [],
          "private": "eyJlMmJmYjczMC1lY2FhLTExZTYtOGY4OC0zNDM2M2JjN2M0YzAiOnsiY3JlYXRlIjoxMjAwMDAwMDAwMDAwLCJkZWxldGUiOjEyMDAwMDAwMDAwMDAsInJlYWQiOjYwMDAwMDAwMDAwMCwidXBkYXRlIjoxMjAwMDAwMDAwMDAwfX0="
        },
        {
          "index_key": "sqladmin.googleapis.com",
          "schema_version": 0,
          "attributes": {
            "disable_dependent_services": null,
            "disable_on_destroy": false,
            "id": "oss-testing-dev-5796/sqladmin.googleapis.com",
            "project": "oss-testing-dev-5796",
            "service": "sqladmin.googleapis.com",
            "timeouts": null
          },
          "sensitive_attributes": [],
          "private": "eyJlMmJmYjczMC1lY2FhLTExZTYtOGY4OC0zNDM2M2JjN2M0YzAiOnsiY3JlYXRlIjoxMjAwMDAwMDAwMDAwLCJkZWxldGUiOjEyMDAwMDAwMDAwMDAsInJlYWQiOjYwMDAwMDAwMDAwMCwidXBkYXRlIjoxMjAwMDAwMDAwMDAwfX0="
        },
        {
          "index_key": "storage-component.googleapis.com",
          "schema_version": 0,
          "attributes": {
            "disable_dependent_services": null,
            "disable_on_destroy": false,
            "id": "oss-testing-dev-5796/storage-component.googleapis.com",
            "project": "oss-testing-dev-5796",
            "service": "storage-component.googleapis.com",
            "timeouts": null
          },
          "sensitive_attributes": [],
          "private": "eyJlMmJmYjczMC1lY2FhLTExZTYtOGY4OC0zNDM2M2JjN2M0YzAiOnsiY3JlYXRlIjoxMjAwMDAwMDAwMDAwLCJkZWxldGUiOjEyMDAwMDAwMDAwMDAsInJlYWQiOjYwMDAwMDAwMDAwMCwidXBkYXRlIjoxMjAwMDAwMDAwMDAwfX0="
        }
      ]
    },
    {
      "mode": "managed",
      "type": "google_service_account_iam_member",
      "name": "env-account-iam",
      "provider": "provider[\"registry.opentofu.org/hashicorp/google\"]",
      "instances": [
        {
          "schema_version": 0,
          "attributes": {
            "condition": [],
            "etag": "BwYYhGODvtA=",
            "id": "projects/oss-testing-dev-5796/serviceAccounts/launchflow@oss-testing-dev-5796.iam.gserviceaccount.com/roles/iam.serviceAccountTokenCreator/serviceAccount:launchflow@oss-testing-dev-5796.iam.gserviceaccount.com",
            "member": "serviceAccount:launchflow@oss-testing-dev-5796.iam.gserviceaccount.com",
            "role": "roles/iam.serviceAccountTokenCreator",
            "service_account_id": "projects/oss-testing-dev-5796/serviceAccounts/launchflow@oss-testing-dev-5796.iam.gserviceaccount.com"
          },
          "sensitive_attributes": [],
          "private": "bnVsbA=="
        }
      ]
    },
    {
      "mode": "managed",
      "type": "google_service_account_iam_member",
      "name": "env-account-iam-self",
      "provider": "provider[\"registry.opentofu.org/hashicorp/google\"]",
      "instances": [
        {
          "schema_version": 0,
          "attributes": {
            "condition": [],
            "etag": "BwYYhGODvtA=",
            "id": "projects/oss-testing-dev-5796/serviceAccounts/launchflow@oss-testing-dev-5796.iam.gserviceaccount.com/roles/iam.serviceAccountUser/serviceAccount:launchflow@oss-testing-dev-5796.iam.gserviceaccount.com",
            "member": "serviceAccount:launchflow@oss-testing-dev-5796.iam.gserviceaccount.com",
            "role": "roles/iam.serviceAccountUser",
            "service_account_id": "projects/oss-testing-dev-5796/serviceAccounts/launchflow@oss-testing-dev-5796.iam.gserviceaccount.com"
          },
          "sensitive_attributes": [],
          "private": "bnVsbA=="
        }
      ]
    },
    {
      "mode": "managed",
      "type": "google_service_networking_connection",
      "name": "private_vpc_connection",
      "provider": "provider[\"registry.opentofu.org/hashicorp/google-beta\"]",
      "instances": [
        {
          "index_key": 0,
          "schema_version": 0,
          "attributes": {
            "deletion_policy": null,
            "id": "projects%2Foss-testing-dev-5796%2Fglobal%2Fnetworks%2Fdefault:servicenetworking.googleapis.com",
            "network": "projects/oss-testing-dev-5796/global/networks/default",
            "peering": "servicenetworking-googleapis-com",
            "reserved_peering_ranges": [
              "google-networkd-connection-ips"
            ],
            "service": "servicenetworking.googleapis.com",
            "timeouts": null
          },
          "sensitive_attributes": [],
          "private": "eyJlMmJmYjczMC1lY2FhLTExZTYtOGY4OC0zNDM2M2JjN2M0YzAiOnsiY3JlYXRlIjo2MDAwMDAwMDAwMDAsImRlbGV0ZSI6NjAwMDAwMDAwMDAwLCJ1cGRhdGUiOjYwMDAwMDAwMDAwMH19",
          "dependencies": [
            "data.google_compute_network.default_private_network",
            "google_compute_global_address.private_ip_address",
            "google_project_service.environment_services"
          ]
        }
      ]
    }
  ],
  "check_results": null
}
