{
  "version": 4,
  "terraform_version": "1.6.0",
  "serial": 6,
  "lineage": "56cbdde3-cc7f-30f5-d669-c191a20c70a1",
  "outputs": {
    "docker_repository": {
      "value": "us-central1-docker.pkg.dev/gcp-examples-local-test/fastapi-service",
      "type": "string"
    }
  },
  "resources": [
    {
      "mode": "managed",
      "type": "google_artifact_registry_repository",
      "name": "docker_repository",
      "provider": "provider[\"registry.opentofu.org/hashicorp/google\"]",
      "instances": [
        {
          "schema_version": 0,
          "attributes": {
            "cleanup_policies": [],
            "cleanup_policy_dry_run": false,
            "create_time": "2024-05-23T01:26:47.552500Z",
            "description": "",
            "docker_config": [],
            "effective_labels": {},
            "format": "DOCKER",
            "id": "projects/gcp-examples-local-test/locations/us-central1/repositories/fastapi-service",
            "kms_key_name": "",
            "labels": {},
            "location": "us-central1",
            "maven_config": [],
            "mode": "STANDARD_REPOSITORY",
            "name": "fastapi-service",
            "project": "gcp-examples-local-test",
            "remote_repository_config": [],
            "repository_id": "fastapi-service",
            "terraform_labels": {},
            "timeouts": null,
            "update_time": "2024-05-23T01:53:26.553908Z",
            "virtual_repository_config": []
          },
          "sensitive_attributes": [],
          "private": "eyJlMmJmYjczMC1lY2FhLTExZTYtOGY4OC0zNDM2M2JjN2M0YzAiOnsiY3JlYXRlIjoxMjAwMDAwMDAwMDAwLCJkZWxldGUiOjEyMDAwMDAwMDAwMDAsInVwZGF0ZSI6MTIwMDAwMDAwMDAwMH19"
        }
      ]
    }
  ],
  "check_results": null
}
